
Microsoft Visual Studio Solution File, Format Version 12.00
# Visual Studio 15
VisualStudioVersion = 15.0.27428.2037
MinimumVisualStudioVersion = 10.0.40219.1
Project("{FAE04EC0-301F-11D3-BF4B-00C04F79EFBC}") = "WpfApp1", "WpfApp1\WpfApp1.csproj", "{220E7F24-6A5D-43CF-8CDF-0E9EBB444C1D}"
EndProject
Global
	GlobalSection(SolutionConfigurationPlatforms) = preSolution
		Debug|Any CPU = Debug|Any CPU
		Release|Any CPU = Release|Any CPU
	EndGlobalSection
	GlobalSection(ProjectConfigurationPlatforms) = postSolution
		{220E7F24-6A5D-43CF-8CDF-0E9EBB444C1D}.Debug|Any CPU.ActiveCfg = Debug|Any CPU
		{220E7F24-6A5D-43CF-8CDF-0E9EBB444C1D}.Debug|Any CPU.Build.0 = Debug|Any CPU
		{220E7F24-6A5D-43CF-8CDF-0E9EBB444C1D}.Release|Any CPU.ActiveCfg = Release|Any CPU
		{220E7F24-6A5D-43CF-8CDF-0E9EBB444C1D}.Release|Any CPU.Build.0 = Release|Any CPU
	EndGlobalSection
	GlobalSection(SolutionProperties) = preSolution
		HideSolutionNode = FALSE
	EndGlobalSection
	GlobalSection(ExtensibilityGlobals) = postSolution
		SolutionGuid = {E0A4D43B-EC11-4519-B433-49B1D4A725BF}
	EndGlobalSection
EndGlobal
